
Microsoft Visual Studio Solution File, Format Version 12.00
# Visual Studio Version 16
VisualStudioVersion = 16.0.31005.135
MinimumVisualStudioVersion = 10.0.40219.1
Project("{FAE04EC0-301F-11D3-BF4B-00C04F79EFBC}") = "Ejercicio3AnalisisGuia9", "Ejercicio3AnalisisGuia9\Ejercicio3AnalisisGuia9.csproj", "{62A7AF21-A67F-4807-9232-B13BE21709C2}"
EndProject
Global
	GlobalSection(SolutionConfigurationPlatforms) = preSolution
		Debug|Any CPU = Debug|Any CPU
		Release|Any CPU = Release|Any CPU
	EndGlobalSection
	GlobalSection(ProjectConfigurationPlatforms) = postSolution
		{62A7AF21-A67F-4807-9232-B13BE21709C2}.Debug|Any CPU.ActiveCfg = Debug|Any CPU
		{62A7AF21-A67F-4807-9232-B13BE21709C2}.Debug|Any CPU.Build.0 = Debug|Any CPU
		{62A7AF21-A67F-4807-9232-B13BE21709C2}.Release|Any CPU.ActiveCfg = Release|Any CPU
		{62A7AF21-A67F-4807-9232-B13BE21709C2}.Release|Any CPU.Build.0 = Release|Any CPU
	EndGlobalSection
	GlobalSection(SolutionProperties) = preSolution
		HideSolutionNode = FALSE
	EndGlobalSection
	GlobalSection(ExtensibilityGlobals) = postSolution
		SolutionGuid = {D70C2716-3F8C-404A-BC61-6223448FA1CE}
	EndGlobalSection
EndGlobal
